
Microsoft Visual Studio Solution File, Format Version 12.00
# Visual Studio Version 16
VisualStudioVersion = 16.0.30011.22
MinimumVisualStudioVersion = 10.0.40219.1
Project("{FAE04EC0-301F-11D3-BF4B-00C04F79EFBC}") = "Web3Lab", "Web3Lab\Web3Lab.csproj", "{1745EFC5-EF2B-42D7-B888-78CEF39B0F63}"
EndProject
Global
	GlobalSection(SolutionConfigurationPlatforms) = preSolution
		Debug|Any CPU = Debug|Any CPU
		Release|Any CPU = Release|Any CPU
	EndGlobalSection
	GlobalSection(ProjectConfigurationPlatforms) = postSolution
		{1745EFC5-EF2B-42D7-B888-78CEF39B0F63}.Debug|Any CPU.ActiveCfg = Debug|Any CPU
		{1745EFC5-EF2B-42D7-B888-78CEF39B0F63}.Debug|Any CPU.Build.0 = Debug|Any CPU
		{1745EFC5-EF2B-42D7-B888-78CEF39B0F63}.Release|Any CPU.ActiveCfg = Release|Any CPU
		{1745EFC5-EF2B-42D7-B888-78CEF39B0F63}.Release|Any CPU.Build.0 = Release|Any CPU
	EndGlobalSection
	GlobalSection(SolutionProperties) = preSolution
		HideSolutionNode = FALSE
	EndGlobalSection
	GlobalSection(ExtensibilityGlobals) = postSolution
		SolutionGuid = {6F6FEE3F-11D4-4296-861E-15BBBAFFBCD9}
	EndGlobalSection
EndGlobal
